
Microsoft Visual Studio Solution File, Format Version 12.00
# Visual Studio 15
VisualStudioVersion = 15.0.27004.2008
MinimumVisualStudioVersion = 10.0.40219.1
Project("{8BC9CEB8-8B4A-11D0-8D11-00A0C91BC942}") = "Control", "Control\Control.vcxproj", "{34D682EA-C8C1-4748-A8B8-CD42DDDD7349}"
EndProject
Project("{8BC9CEB8-8B4A-11D0-8D11-00A0C91BC942}") = "EventEngine", "EventEngine\EventEngine.vcxproj", "{53DF0D8F-B144-4205-BEF4-79DBF90EC735}"
EndProject
Project("{8BC9CEB8-8B4A-11D0-8D11-00A0C91BC942}") = "Graphics", "Graphics\Graphics.vcxproj", "{BBEEA1E1-85E6-4106-94EF-4C11E2E1DC61}"
EndProject
Project("{8BC9CEB8-8B4A-11D0-8D11-00A0C91BC942}") = "Panel", "Panel\Panel.vcxproj", "{B3BF2D68-2DFC-4742-9A9E-1B22515D0F4D}"
EndProject
Project("{8BC9CEB8-8B4A-11D0-8D11-00A0C91BC942}") = "ComboBox", "ComboBox\ComboBox.vcxproj", "{F997D32D-649B-4610-BBE2-AA4DC6E94AB7}"
EndProject
Project("{8BC9CEB8-8B4A-11D0-8D11-00A0C91BC942}") = "CheckList", "CheckList\CheckList.vcxproj", "{4C9AAE5F-29FD-4ABA-8526-4C6F1393B93D}"
	ProjectSection(ProjectDependencies) = postProject
		{B3BF2D68-2DFC-4742-9A9E-1B22515D0F4D} = {B3BF2D68-2DFC-4742-9A9E-1B22515D0F4D}
		{53DF0D8F-B144-4205-BEF4-79DBF90EC735} = {53DF0D8F-B144-4205-BEF4-79DBF90EC735}
		{6B5844C6-94AB-4587-9FD9-FEE16B4E2E88} = {6B5844C6-94AB-4587-9FD9-FEE16B4E2E88}
		{BBEEA1E1-85E6-4106-94EF-4C11E2E1DC61} = {BBEEA1E1-85E6-4106-94EF-4C11E2E1DC61}
		{34D682EA-C8C1-4748-A8B8-CD42DDDD7349} = {34D682EA-C8C1-4748-A8B8-CD42DDDD7349}
	EndProjectSection
EndProject
Project("{8BC9CEB8-8B4A-11D0-8D11-00A0C91BC942}") = "RadioList", "RadioList\RadioList.vcxproj", "{46321A8B-DC1F-4999-8A13-1130AD2E19B4}"
EndProject
Project("{8BC9CEB8-8B4A-11D0-8D11-00A0C91BC942}") = "NumericBox", "NumericBox\NumericBox.vcxproj", "{C49D5064-751A-4524-958D-4747C45AC0AB}"
EndProject
Project("{8BC9CEB8-8B4A-11D0-8D11-00A0C91BC942}") = "MessageBox", "MessegeBox\MessegeBox.vcxproj", "{3434C046-7AED-42E6-89B7-9ADAE0CD8006}"
EndProject
Project("{8BC9CEB8-8B4A-11D0-8D11-00A0C91BC942}") = "Label", "Label\Label.vcxproj", "{D34EE071-F88C-48CF-A4DF-F436E9BBF49D}"
EndProject
Project("{8BC9CEB8-8B4A-11D0-8D11-00A0C91BC942}") = "TextBox", "TextBox\TextBox.vcxproj", "{1707F2B3-759C-4253-94E6-C08B797F088A}"
EndProject
Project("{8BC9CEB8-8B4A-11D0-8D11-00A0C91BC942}") = "Button", "Button\Button.vcxproj", "{6B5844C6-94AB-4587-9FD9-FEE16B4E2E88}"
EndProject
Project("{8BC9CEB8-8B4A-11D0-8D11-00A0C91BC942}") = "Form", "Form\Form.vcxproj", "{30F70B01-5BA5-4C83-BA46-DE1FAD5FA3BE}"
EndProject
Global
	GlobalSection(SolutionConfigurationPlatforms) = preSolution
		Debug|Win32 = Debug|Win32
		Debug|x64 = Debug|x64
		Release|Win32 = Release|Win32
		Release|x64 = Release|x64
	EndGlobalSection
	GlobalSection(ProjectConfigurationPlatforms) = postSolution
		{34D682EA-C8C1-4748-A8B8-CD42DDDD7349}.Debug|Win32.ActiveCfg = Debug|Win32
		{34D682EA-C8C1-4748-A8B8-CD42DDDD7349}.Debug|Win32.Build.0 = Debug|Win32
		{34D682EA-C8C1-4748-A8B8-CD42DDDD7349}.Debug|x64.ActiveCfg = Debug|Win32
		{34D682EA-C8C1-4748-A8B8-CD42DDDD7349}.Release|Win32.ActiveCfg = Release|Win32
		{34D682EA-C8C1-4748-A8B8-CD42DDDD7349}.Release|Win32.Build.0 = Release|Win32
		{34D682EA-C8C1-4748-A8B8-CD42DDDD7349}.Release|x64.ActiveCfg = Release|Win32
		{53DF0D8F-B144-4205-BEF4-79DBF90EC735}.Debug|Win32.ActiveCfg = Debug|Win32
		{53DF0D8F-B144-4205-BEF4-79DBF90EC735}.Debug|Win32.Build.0 = Debug|Win32
		{53DF0D8F-B144-4205-BEF4-79DBF90EC735}.Debug|x64.ActiveCfg = Debug|Win32
		{53DF0D8F-B144-4205-BEF4-79DBF90EC735}.Release|Win32.ActiveCfg = Release|Win32
		{53DF0D8F-B144-4205-BEF4-79DBF90EC735}.Release|Win32.Build.0 = Release|Win32
		{53DF0D8F-B144-4205-BEF4-79DBF90EC735}.Release|x64.ActiveCfg = Release|Win32
		{BBEEA1E1-85E6-4106-94EF-4C11E2E1DC61}.Debug|Win32.ActiveCfg = Debug|Win32
		{BBEEA1E1-85E6-4106-94EF-4C11E2E1DC61}.Debug|Win32.Build.0 = Debug|Win32
		{BBEEA1E1-85E6-4106-94EF-4C11E2E1DC61}.Debug|x64.ActiveCfg = Debug|Win32
		{BBEEA1E1-85E6-4106-94EF-4C11E2E1DC61}.Release|Win32.ActiveCfg = Release|Win32
		{BBEEA1E1-85E6-4106-94EF-4C11E2E1DC61}.Release|Win32.Build.0 = Release|Win32
		{BBEEA1E1-85E6-4106-94EF-4C11E2E1DC61}.Release|x64.ActiveCfg = Release|Win32
		{B3BF2D68-2DFC-4742-9A9E-1B22515D0F4D}.Debug|Win32.ActiveCfg = Debug|Win32
		{B3BF2D68-2DFC-4742-9A9E-1B22515D0F4D}.Debug|Win32.Build.0 = Debug|Win32
		{B3BF2D68-2DFC-4742-9A9E-1B22515D0F4D}.Debug|x64.ActiveCfg = Debug|Win32
		{B3BF2D68-2DFC-4742-9A9E-1B22515D0F4D}.Release|Win32.ActiveCfg = Release|Win32
		{B3BF2D68-2DFC-4742-9A9E-1B22515D0F4D}.Release|Win32.Build.0 = Release|Win32
		{B3BF2D68-2DFC-4742-9A9E-1B22515D0F4D}.Release|x64.ActiveCfg = Release|Win32
		{F997D32D-649B-4610-BBE2-AA4DC6E94AB7}.Debug|Win32.ActiveCfg = Debug|Win32
		{F997D32D-649B-4610-BBE2-AA4DC6E94AB7}.Debug|Win32.Build.0 = Debug|Win32
		{F997D32D-649B-4610-BBE2-AA4DC6E94AB7}.Debug|x64.ActiveCfg = Debug|Win32
		{F997D32D-649B-4610-BBE2-AA4DC6E94AB7}.Release|Win32.ActiveCfg = Release|Win32
		{F997D32D-649B-4610-BBE2-AA4DC6E94AB7}.Release|Win32.Build.0 = Release|Win32
		{F997D32D-649B-4610-BBE2-AA4DC6E94AB7}.Release|x64.ActiveCfg = Release|Win32
		{4C9AAE5F-29FD-4ABA-8526-4C6F1393B93D}.Debug|Win32.ActiveCfg = Debug|Win32
		{4C9AAE5F-29FD-4ABA-8526-4C6F1393B93D}.Debug|Win32.Build.0 = Debug|Win32
		{4C9AAE5F-29FD-4ABA-8526-4C6F1393B93D}.Debug|x64.ActiveCfg = Debug|Win32
		{4C9AAE5F-29FD-4ABA-8526-4C6F1393B93D}.Release|Win32.ActiveCfg = Release|Win32
		{4C9AAE5F-29FD-4ABA-8526-4C6F1393B93D}.Release|Win32.Build.0 = Release|Win32
		{4C9AAE5F-29FD-4ABA-8526-4C6F1393B93D}.Release|x64.ActiveCfg = Release|Win32
		{46321A8B-DC1F-4999-8A13-1130AD2E19B4}.Debug|Win32.ActiveCfg = Debug|Win32
		{46321A8B-DC1F-4999-8A13-1130AD2E19B4}.Debug|Win32.Build.0 = Debug|Win32
		{46321A8B-DC1F-4999-8A13-1130AD2E19B4}.Debug|x64.ActiveCfg = Debug|Win32
		{46321A8B-DC1F-4999-8A13-1130AD2E19B4}.Release|Win32.ActiveCfg = Release|Win32
		{46321A8B-DC1F-4999-8A13-1130AD2E19B4}.Release|Win32.Build.0 = Release|Win32
		{46321A8B-DC1F-4999-8A13-1130AD2E19B4}.Release|x64.ActiveCfg = Release|Win32
		{C49D5064-751A-4524-958D-4747C45AC0AB}.Debug|Win32.ActiveCfg = Debug|Win32
		{C49D5064-751A-4524-958D-4747C45AC0AB}.Debug|Win32.Build.0 = Debug|Win32
		{C49D5064-751A-4524-958D-4747C45AC0AB}.Debug|x64.ActiveCfg = Debug|Win32
		{C49D5064-751A-4524-958D-4747C45AC0AB}.Release|Win32.ActiveCfg = Release|Win32
		{C49D5064-751A-4524-958D-4747C45AC0AB}.Release|Win32.Build.0 = Release|Win32
		{C49D5064-751A-4524-958D-4747C45AC0AB}.Release|x64.ActiveCfg = Release|Win32
		{3434C046-7AED-42E6-89B7-9ADAE0CD8006}.Debug|Win32.ActiveCfg = Debug|Win32
		{3434C046-7AED-42E6-89B7-9ADAE0CD8006}.Debug|Win32.Build.0 = Debug|Win32
		{3434C046-7AED-42E6-89B7-9ADAE0CD8006}.Debug|x64.ActiveCfg = Debug|Win32
		{3434C046-7AED-42E6-89B7-9ADAE0CD8006}.Release|Win32.ActiveCfg = Release|Win32
		{3434C046-7AED-42E6-89B7-9ADAE0CD8006}.Release|Win32.Build.0 = Release|Win32
		{3434C046-7AED-42E6-89B7-9ADAE0CD8006}.Release|x64.ActiveCfg = Release|Win32
		{D34EE071-F88C-48CF-A4DF-F436E9BBF49D}.Debug|Win32.ActiveCfg = Debug|Win32
		{D34EE071-F88C-48CF-A4DF-F436E9BBF49D}.Debug|Win32.Build.0 = Debug|Win32
		{D34EE071-F88C-48CF-A4DF-F436E9BBF49D}.Debug|x64.ActiveCfg = Debug|Win32
		{D34EE071-F88C-48CF-A4DF-F436E9BBF49D}.Release|Win32.ActiveCfg = Release|Win32
		{D34EE071-F88C-48CF-A4DF-F436E9BBF49D}.Release|Win32.Build.0 = Release|Win32
		{D34EE071-F88C-48CF-A4DF-F436E9BBF49D}.Release|x64.ActiveCfg = Release|Win32
		{1707F2B3-759C-4253-94E6-C08B797F088A}.Debug|Win32.ActiveCfg = Debug|Win32
		{1707F2B3-759C-4253-94E6-C08B797F088A}.Debug|Win32.Build.0 = Debug|Win32
		{1707F2B3-759C-4253-94E6-C08B797F088A}.Debug|x64.ActiveCfg = Debug|Win32
		{1707F2B3-759C-4253-94E6-C08B797F088A}.Release|Win32.ActiveCfg = Release|Win32
		{1707F2B3-759C-4253-94E6-C08B797F088A}.Release|Win32.Build.0 = Release|Win32
		{1707F2B3-759C-4253-94E6-C08B797F088A}.Release|x64.ActiveCfg = Release|Win32
		{6B5844C6-94AB-4587-9FD9-FEE16B4E2E88}.Debug|Win32.ActiveCfg = Debug|Win32
		{6B5844C6-94AB-4587-9FD9-FEE16B4E2E88}.Debug|Win32.Build.0 = Debug|Win32
		{6B5844C6-94AB-4587-9FD9-FEE16B4E2E88}.Debug|x64.ActiveCfg = Debug|Win32
		{6B5844C6-94AB-4587-9FD9-FEE16B4E2E88}.Release|Win32.ActiveCfg = Release|Win32
		{6B5844C6-94AB-4587-9FD9-FEE16B4E2E88}.Release|Win32.Build.0 = Release|Win32
		{6B5844C6-94AB-4587-9FD9-FEE16B4E2E88}.Release|x64.ActiveCfg = Release|Win32
		{30F70B01-5BA5-4C83-BA46-DE1FAD5FA3BE}.Debug|Win32.ActiveCfg = Debug|Win32
		{30F70B01-5BA5-4C83-BA46-DE1FAD5FA3BE}.Debug|Win32.Build.0 = Debug|Win32
		{30F70B01-5BA5-4C83-BA46-DE1FAD5FA3BE}.Debug|x64.ActiveCfg = Debug|Win32
		{30F70B01-5BA5-4C83-BA46-DE1FAD5FA3BE}.Debug|x64.Build.0 = Debug|Win32
		{30F70B01-5BA5-4C83-BA46-DE1FAD5FA3BE}.Release|Win32.ActiveCfg = Release|Win32
		{30F70B01-5BA5-4C83-BA46-DE1FAD5FA3BE}.Release|Win32.Build.0 = Release|Win32
		{30F70B01-5BA5-4C83-BA46-DE1FAD5FA3BE}.Release|x64.ActiveCfg = Release|x64
		{30F70B01-5BA5-4C83-BA46-DE1FAD5FA3BE}.Release|x64.Build.0 = Release|x64
	EndGlobalSection
	GlobalSection(SolutionProperties) = preSolution
		HideSolutionNode = FALSE
	EndGlobalSection
	GlobalSection(ExtensibilityGlobals) = postSolution
		SolutionGuid = {0D9E5F99-A361-4436-BECC-D17AC31D148E}
	EndGlobalSection
EndGlobal
